Microsoft Visual Studio Solution File, Format Version 12.00
# Visual Studio 15
VisualStudioVersion = 15.0.26730.3
MinimumVisualStudioVersion = 10.0.40219.1
Project("{2150E333-8FDC-42A3-9474-1A3956D46DE8}") = "1. Project", "1. Project", "{1A0362B3-C0EB-4462-B04E-7BF51554D619}"
EndProject
Project("{2150E333-8FDC-42A3-9474-1A3956D46DE8}") = "2. Feature", "2. Feature", "{747BAAB6-344E-4266-8C90-A1A8D684CF3D}"
EndProject
Project("{2150E333-8FDC-42A3-9474-1A3956D46DE8}") = "3. Foundation", "3. Foundation", "{BD265CED-499C-446D-A952-537A12476F5B}"
EndProject
Project("{FAE04EC0-301F-11D3-BF4B-00C04F79EFBC}") = "SampleWebApplication", "src\Project\SampleWebApplication\SampleWebApplication.csproj", "{8126628E-D2E4-4BF1-85ED-03FE1618B992}"
EndProject
Global
	GlobalSection(SolutionConfigurationPlatforms) = preSolution
		always|Any CPU = always|Any CPU
		always|x64 = always|x64
		ci|Any CPU = ci|Any CPU
		ci|x64 = ci|x64
		Debug|Any CPU = Debug|Any CPU
		Debug|x64 = Debug|x64
		Release|Any CPU = Release|Any CPU
		Release|x64 = Release|x64
	EndGlobalSection
	GlobalSection(ProjectConfigurationPlatforms) = postSolution
		{8126628E-D2E4-4BF1-85ED-03FE1618B992}.always|Any CPU.ActiveCfg = Release|Any CPU
		{8126628E-D2E4-4BF1-85ED-03FE1618B992}.always|Any CPU.Build.0 = Release|Any CPU
		{8126628E-D2E4-4BF1-85ED-03FE1618B992}.always|x64.ActiveCfg = Release|Any CPU
		{8126628E-D2E4-4BF1-85ED-03FE1618B992}.always|x64.Build.0 = Release|Any CPU
		{8126628E-D2E4-4BF1-85ED-03FE1618B992}.ci|Any CPU.ActiveCfg = Release|Any CPU
		{8126628E-D2E4-4BF1-85ED-03FE1618B992}.ci|Any CPU.Build.0 = Release|Any CPU
		{8126628E-D2E4-4BF1-85ED-03FE1618B992}.ci|x64.ActiveCfg = Release|Any CPU
		{8126628E-D2E4-4BF1-85ED-03FE1618B992}.ci|x64.Build.0 = Release|Any CPU
		{8126628E-D2E4-4BF1-85ED-03FE1618B992}.Debug|Any CPU.ActiveCfg = Debug|Any CPU
		{8126628E-D2E4-4BF1-85ED-03FE1618B992}.Debug|Any CPU.Build.0 = Debug|Any CPU
		{8126628E-D2E4-4BF1-85ED-03FE1618B992}.Debug|x64.ActiveCfg = Debug|Any CPU
		{8126628E-D2E4-4BF1-85ED-03FE1618B992}.Debug|x64.Build.0 = Debug|Any CPU
		{8126628E-D2E4-4BF1-85ED-03FE1618B992}.Release|Any CPU.ActiveCfg = Release|Any CPU
		{8126628E-D2E4-4BF1-85ED-03FE1618B992}.Release|Any CPU.Build.0 = Release|Any CPU
		{8126628E-D2E4-4BF1-85ED-03FE1618B992}.Release|x64.ActiveCfg = Release|Any CPU
		{8126628E-D2E4-4BF1-85ED-03FE1618B992}.Release|x64.Build.0 = Release|Any CPU
	EndGlobalSection
	GlobalSection(SolutionProperties) = preSolution
		HideSolutionNode = FALSE
	EndGlobalSection
	GlobalSection(NestedProjects) = preSolution
		{8126628E-D2E4-4BF1-85ED-03FE1618B992} = {1A0362B3-C0EB-4462-B04E-7BF51554D619}
	EndGlobalSection
	GlobalSection(ExtensibilityGlobals) = postSolution
		SolutionGuid = {07FD9A58-9659-45E7-911F-5FD860092A78}
	EndGlobalSection
EndGlobal
